
Microsoft Visual Studio Solution File, Format Version 12.00
# Visual Studio Version 17
VisualStudioVersion = 17.2.32630.192
MinimumVisualStudioVersion = 10.0.40219.1
Project("{FAE04EC0-301F-11D3-BF4B-00C04F79EFBC}") = "OrderService", "OrderService\OrderService.csproj", "{37C9E1DE-414C-4DDF-BE7F-13754F5BCEA8}"
EndProject
Project("{FAE04EC0-301F-11D3-BF4B-00C04F79EFBC}") = "Model", "Model\Model.csproj", "{68CAB0D8-A7D3-48E9-889C-CD92EFF43D44}"
EndProject
Global
	GlobalSection(SolutionConfigurationPlatforms) = preSolution
		Debug|Any CPU = Debug|Any CPU
		Release|Any CPU = Release|Any CPU
	EndGlobalSection
	GlobalSection(ProjectConfigurationPlatforms) = postSolution
		{37C9E1DE-414C-4DDF-BE7F-13754F5BCEA8}.Debug|Any CPU.ActiveCfg = Debug|Any CPU
		{37C9E1DE-414C-4DDF-BE7F-13754F5BCEA8}.Debug|Any CPU.Build.0 = Debug|Any CPU
		{37C9E1DE-414C-4DDF-BE7F-13754F5BCEA8}.Release|Any CPU.ActiveCfg = Release|Any CPU
		{37C9E1DE-414C-4DDF-BE7F-13754F5BCEA8}.Release|Any CPU.Build.0 = Release|Any CPU
		{68CAB0D8-A7D3-48E9-889C-CD92EFF43D44}.Debug|Any CPU.ActiveCfg = Debug|Any CPU
		{68CAB0D8-A7D3-48E9-889C-CD92EFF43D44}.Debug|Any CPU.Build.0 = Debug|Any CPU
		{68CAB0D8-A7D3-48E9-889C-CD92EFF43D44}.Release|Any CPU.ActiveCfg = Release|Any CPU
		{68CAB0D8-A7D3-48E9-889C-CD92EFF43D44}.Release|Any CPU.Build.0 = Release|Any CPU
	EndGlobalSection
	GlobalSection(SolutionProperties) = preSolution
		HideSolutionNode = FALSE
	EndGlobalSection
	GlobalSection(ExtensibilityGlobals) = postSolution
		SolutionGuid = {052A8A75-07C9-422B-92EE-BB859FCF187C}
	EndGlobalSection
EndGlobal
